
Microsoft Visual Studio Solution File, Format Version 12.00
# Visual Studio 15
VisualStudioVersion = 15.0.28307.329
MinimumVisualStudioVersion = 10.0.40219.1
Project("{FAE04EC0-301F-11D3-BF4B-00C04F79EFBC}") = "actividad6", "actividad6\actividad6.csproj", "{437F391E-D791-4974-8EE9-5202E02F4B1E}"
EndProject
Global
	GlobalSection(SolutionConfigurationPlatforms) = preSolution
		Debug|Any CPU = Debug|Any CPU
		Release|Any CPU = Release|Any CPU
	EndGlobalSection
	GlobalSection(ProjectConfigurationPlatforms) = postSolution
		{437F391E-D791-4974-8EE9-5202E02F4B1E}.Debug|Any CPU.ActiveCfg = Debug|Any CPU
		{437F391E-D791-4974-8EE9-5202E02F4B1E}.Debug|Any CPU.Build.0 = Debug|Any CPU
		{437F391E-D791-4974-8EE9-5202E02F4B1E}.Release|Any CPU.ActiveCfg = Release|Any CPU
		{437F391E-D791-4974-8EE9-5202E02F4B1E}.Release|Any CPU.Build.0 = Release|Any CPU
	EndGlobalSection
	GlobalSection(SolutionProperties) = preSolution
		HideSolutionNode = FALSE
	EndGlobalSection
	GlobalSection(ExtensibilityGlobals) = postSolution
		SolutionGuid = {01656FA1-0F77-448F-880E-3700B1C2D82D}
	EndGlobalSection
EndGlobal
