
Microsoft Visual Studio Solution File, Format Version 12.00
# Visual Studio 15
VisualStudioVersion = 15.0.28307.329
MinimumVisualStudioVersion = 10.0.40219.1
Project("{FAE04EC0-301F-11D3-BF4B-00C04F79EFBC}") = "ev1metodos", "ev1metodos\ev1metodos.csproj", "{4C0DA332-EE8E-4D68-84D6-042804B0BB31}"
EndProject
Global
	GlobalSection(SolutionConfigurationPlatforms) = preSolution
		Debug|Any CPU = Debug|Any CPU
		Release|Any CPU = Release|Any CPU
	EndGlobalSection
	GlobalSection(ProjectConfigurationPlatforms) = postSolution
		{4C0DA332-EE8E-4D68-84D6-042804B0BB31}.Debug|Any CPU.ActiveCfg = Debug|Any CPU
		{4C0DA332-EE8E-4D68-84D6-042804B0BB31}.Debug|Any CPU.Build.0 = Debug|Any CPU
		{4C0DA332-EE8E-4D68-84D6-042804B0BB31}.Release|Any CPU.ActiveCfg = Release|Any CPU
		{4C0DA332-EE8E-4D68-84D6-042804B0BB31}.Release|Any CPU.Build.0 = Release|Any CPU
	EndGlobalSection
	GlobalSection(SolutionProperties) = preSolution
		HideSolutionNode = FALSE
	EndGlobalSection
	GlobalSection(ExtensibilityGlobals) = postSolution
		SolutionGuid = {08B113A4-6CDC-4B51-B518-E7DE1B053DC8}
	EndGlobalSection
EndGlobal
