
Microsoft Visual Studio Solution File, Format Version 12.00
# Visual Studio Version 16
VisualStudioVersion = 16.0.28729.10
MinimumVisualStudioVersion = 10.0.40219.1
Project("{FAE04EC0-301F-11D3-BF4B-00C04F79EFBC}") = "actividad13", "actividad13\actividad13.csproj", "{237914A4-AEDB-4415-8975-795D6AC9FF91}"
EndProject
Global
	GlobalSection(SolutionConfigurationPlatforms) = preSolution
		Debug|Any CPU = Debug|Any CPU
		Release|Any CPU = Release|Any CPU
	EndGlobalSection
	GlobalSection(ProjectConfigurationPlatforms) = postSolution
		{237914A4-AEDB-4415-8975-795D6AC9FF91}.Debug|Any CPU.ActiveCfg = Debug|Any CPU
		{237914A4-AEDB-4415-8975-795D6AC9FF91}.Debug|Any CPU.Build.0 = Debug|Any CPU
		{237914A4-AEDB-4415-8975-795D6AC9FF91}.Release|Any CPU.ActiveCfg = Release|Any CPU
		{237914A4-AEDB-4415-8975-795D6AC9FF91}.Release|Any CPU.Build.0 = Release|Any CPU
	EndGlobalSection
	GlobalSection(SolutionProperties) = preSolution
		HideSolutionNode = FALSE
	EndGlobalSection
	GlobalSection(ExtensibilityGlobals) = postSolution
		SolutionGuid = {9B177D45-87E5-43F9-82EE-4177CAC159AA}
	EndGlobalSection
EndGlobal
