
Microsoft Visual Studio Solution File, Format Version 12.00
# Visual Studio Version 16
VisualStudioVersion = 16.0.28729.10
MinimumVisualStudioVersion = 10.0.40219.1
Project("{FAE04EC0-301F-11D3-BF4B-00C04F79EFBC}") = "actividad15", "actividad15\actividad15.csproj", "{02C5A69E-660B-4869-A64C-39E9543828DC}"
EndProject
Global
	GlobalSection(SolutionConfigurationPlatforms) = preSolution
		Debug|Any CPU = Debug|Any CPU
		Release|Any CPU = Release|Any CPU
	EndGlobalSection
	GlobalSection(ProjectConfigurationPlatforms) = postSolution
		{02C5A69E-660B-4869-A64C-39E9543828DC}.Debug|Any CPU.ActiveCfg = Debug|Any CPU
		{02C5A69E-660B-4869-A64C-39E9543828DC}.Debug|Any CPU.Build.0 = Debug|Any CPU
		{02C5A69E-660B-4869-A64C-39E9543828DC}.Release|Any CPU.ActiveCfg = Release|Any CPU
		{02C5A69E-660B-4869-A64C-39E9543828DC}.Release|Any CPU.Build.0 = Release|Any CPU
	EndGlobalSection
	GlobalSection(SolutionProperties) = preSolution
		HideSolutionNode = FALSE
	EndGlobalSection
	GlobalSection(ExtensibilityGlobals) = postSolution
		SolutionGuid = {FEA8EE6B-2C83-4641-975A-C4948E38EA2C}
	EndGlobalSection
EndGlobal
