
Microsoft Visual Studio Solution File, Format Version 12.00
# Visual Studio Version 16
VisualStudioVersion = 16.0.28729.10
MinimumVisualStudioVersion = 10.0.40219.1
Project("{FAE04EC0-301F-11D3-BF4B-00C04F79EFBC}") = "tarea11", "tarea11\tarea11.csproj", "{59644F44-A28A-40E3-B670-7736A88A6824}"
EndProject
Global
	GlobalSection(SolutionConfigurationPlatforms) = preSolution
		Debug|Any CPU = Debug|Any CPU
		Release|Any CPU = Release|Any CPU
	EndGlobalSection
	GlobalSection(ProjectConfigurationPlatforms) = postSolution
		{59644F44-A28A-40E3-B670-7736A88A6824}.Debug|Any CPU.ActiveCfg = Debug|Any CPU
		{59644F44-A28A-40E3-B670-7736A88A6824}.Debug|Any CPU.Build.0 = Debug|Any CPU
		{59644F44-A28A-40E3-B670-7736A88A6824}.Release|Any CPU.ActiveCfg = Release|Any CPU
		{59644F44-A28A-40E3-B670-7736A88A6824}.Release|Any CPU.Build.0 = Release|Any CPU
	EndGlobalSection
	GlobalSection(SolutionProperties) = preSolution
		HideSolutionNode = FALSE
	EndGlobalSection
	GlobalSection(ExtensibilityGlobals) = postSolution
		SolutionGuid = {223D1EE8-5798-4F46-A4A4-E0F27C1E2179}
	EndGlobalSection
EndGlobal
